{
  "name": "ngx-stories",
  "version": "0.0.1",
  "lockfileVersion": 3,
  "requires": true,
  "packages": {
    "": {
      "name": "ngx-stories",
      "version": "0.0.1",
      "dependencies": {
        "tslib": "^2.3.0"
      },
      "peerDependencies": {
        "@angular/common": "^18.2.0",
        "@angular/core": "^18.2.0",
        "hammerjs": "^2.0.8"
      }
    },
    "node_modules/@angular/common": {
      "version": "18.2.1",
      "resolved": "https://registry.npmjs.org/@angular/common/-/common-18.2.1.tgz",
      "integrity": "sha512-N0ZJO1/iU9UhprplZRPvBcdRgA/i6l6Ng5gXs5ymHBJ0lxsB+mDVCmC4jISjR9gAWc426xXwLaOpuP5Gv3f/yg==",
      "peer": true,
      "dependencies": {
        "tslib": "^2.3.0"
      },
      "engines": {
        "node": "^18.19.1 || ^20.11.1 || >=22.0.0"
      },
      "peerDependencies": {
        "@angular/core": "18.2.1",
        "rxjs": "^6.5.3 || ^7.4.0"
      }
    },
    "node_modules/@angular/core": {
      "version": "18.2.1",
      "resolved": "https://registry.npmjs.org/@angular/core/-/core-18.2.1.tgz",
      "integrity": "sha512-9KrSpJ65UlJZNXrE18NszcfOwb5LZgG+LYi5Doe7amt218R1bzb3trvuAm0ZzMaoKh4ugtUCkzEOd4FALPEX6w==",
      "peer": true,
      "dependencies": {
        "tslib": "^2.3.0"
      },
      "engines": {
        "node": "^18.19.1 || ^20.11.1 || >=22.0.0"
      },
      "peerDependencies": {
        "rxjs": "^6.5.3 || ^7.4.0",
        "zone.js": "~0.14.10"
      }
    },
    "node_modules/hammerjs": {
      "version": "2.0.8",
      "resolved": "https://registry.npmjs.org/hammerjs/-/hammerjs-2.0.8.tgz",
      "integrity": "sha512-tSQXBXS/MWQOn/RKckawJ61vvsDpCom87JgxiYdGwHdOa0ht0vzUWDlfioofFCRU0L+6NGDt6XzbgoJvZkMeRQ==",
      "peer": true,
      "engines": {
        "node": ">=0.8.0"
      }
    },
    "node_modules/rxjs": {
      "version": "7.8.1",
      "resolved": "https://registry.npmjs.org/rxjs/-/rxjs-7.8.1.tgz",
      "integrity": "sha512-AA3TVj+0A2iuIoQkWEK/tqFjBq2j+6PO6Y0zJcvzLAFhEFIO3HL0vls9hWLncZbAAbK0mar7oZ4V079I/qPMxg==",
      "peer": true,
      "dependencies": {
        "tslib": "^2.1.0"
      }
    },
    "node_modules/tslib": {
      "version": "2.7.0",
      "resolved": "https://registry.npmjs.org/tslib/-/tslib-2.7.0.tgz",
      "integrity": "sha512-gLXCKdN1/j47AiHiOkJN69hJmcbGTHI0ImLmbYLHykhgeN0jVGola9yVjFgzCUklsZQMW55o+dW7IXv3RCXDzA=="
    },
    "node_modules/zone.js": {
      "version": "0.14.10",
      "resolved": "https://registry.npmjs.org/zone.js/-/zone.js-0.14.10.tgz",
      "integrity": "sha512-YGAhaO7J5ywOXW6InXNlLmfU194F8lVgu7bRntUF3TiG8Y3nBK0x1UJJuHUP/e8IyihkjCYqhCScpSwnlaSRkQ==",
      "peer": true
    }
  }
}
